
Microsoft Visual Studio Solution File, Format Version 12.00
# Visual Studio Version 16
VisualStudioVersion = 16.0.31515.178
MinimumVisualStudioVersion = 10.0.40219.1
Project("{8BC9CEB8-8B4A-11D0-8D11-00A0C91BC942}") = "ClientEngine", "ClientEngine\ClientEngine.vcxproj", "{4B22B04B-1B3B-4557-A17F-8D053D0FCE94}"
EndProject
Project("{8BC9CEB8-8B4A-11D0-8D11-00A0C91BC942}") = "ServerEngine", "ServerEngine\ServerEngine.vcxproj", "{B8B0CB00-7257-4710-A653-C5F27FA3C781}"
EndProject
Global
	GlobalSection(SolutionConfigurationPlatforms) = preSolution
		Debug|x64 = Debug|x64
		Release|x64 = Release|x64
	EndGlobalSection
	GlobalSection(ProjectConfigurationPlatforms) = postSolution
		{4B22B04B-1B3B-4557-A17F-8D053D0FCE94}.Debug|x64.ActiveCfg = Debug|x64
		{4B22B04B-1B3B-4557-A17F-8D053D0FCE94}.Debug|x64.Build.0 = Debug|x64
		{4B22B04B-1B3B-4557-A17F-8D053D0FCE94}.Release|x64.ActiveCfg = Release|x64
		{4B22B04B-1B3B-4557-A17F-8D053D0FCE94}.Release|x64.Build.0 = Release|x64
		{B8B0CB00-7257-4710-A653-C5F27FA3C781}.Debug|x64.ActiveCfg = Debug|x64
		{B8B0CB00-7257-4710-A653-C5F27FA3C781}.Debug|x64.Build.0 = Debug|x64
		{B8B0CB00-7257-4710-A653-C5F27FA3C781}.Release|x64.ActiveCfg = Release|x64
		{B8B0CB00-7257-4710-A653-C5F27FA3C781}.Release|x64.Build.0 = Release|x64
	EndGlobalSection
	GlobalSection(SolutionProperties) = preSolution
		HideSolutionNode = FALSE
	EndGlobalSection
	GlobalSection(ExtensibilityGlobals) = postSolution
		SolutionGuid = {B0EDDF1D-1B49-401B-9E31-5BF1E3D4AB9E}
	EndGlobalSection
EndGlobal
